
Microsoft Visual Studio Solution File, Format Version 12.00
# Visual Studio 15
VisualStudioVersion = 15.0.28306.52
MinimumVisualStudioVersion = 10.0.40219.1
Project("{FAE04EC0-301F-11D3-BF4B-00C04F79EFBC}") = "GraphicalProgram", "GraphicalProgram\GraphicalProgram.csproj", "{9EAE986A-735F-422B-B064-606D44418325}"
EndProject
Project("{FAE04EC0-301F-11D3-BF4B-00C04F79EFBC}") = "GraphicalProgramTests", "GraphicalProgramTests\GraphicalProgramTests.csproj", "{6491430A-E7CD-47B0-9DF1-C7AE6493CEAE}"
EndProject
Global
	GlobalSection(SolutionConfigurationPlatforms) = preSolution
		Debug|Any CPU = Debug|Any CPU
		Release|Any CPU = Release|Any CPU
	EndGlobalSection
	GlobalSection(ProjectConfigurationPlatforms) = postSolution
		{9EAE986A-735F-422B-B064-606D44418325}.Debug|Any CPU.ActiveCfg = Debug|Any CPU
		{9EAE986A-735F-422B-B064-606D44418325}.Debug|Any CPU.Build.0 = Debug|Any CPU
		{9EAE986A-735F-422B-B064-606D44418325}.Release|Any CPU.ActiveCfg = Release|Any CPU
		{9EAE986A-735F-422B-B064-606D44418325}.Release|Any CPU.Build.0 = Release|Any CPU
		{6491430A-E7CD-47B0-9DF1-C7AE6493CEAE}.Debug|Any CPU.ActiveCfg = Debug|Any CPU
		{6491430A-E7CD-47B0-9DF1-C7AE6493CEAE}.Debug|Any CPU.Build.0 = Debug|Any CPU
		{6491430A-E7CD-47B0-9DF1-C7AE6493CEAE}.Release|Any CPU.ActiveCfg = Release|Any CPU
		{6491430A-E7CD-47B0-9DF1-C7AE6493CEAE}.Release|Any CPU.Build.0 = Release|Any CPU
	EndGlobalSection
	GlobalSection(SolutionProperties) = preSolution
		HideSolutionNode = FALSE
	EndGlobalSection
	GlobalSection(ExtensibilityGlobals) = postSolution
		SolutionGuid = {090CA45E-7828-481C-949A-21ABC6C51662}
	EndGlobalSection
EndGlobal
